
Microsoft Visual Studio Solution File, Format Version 12.00
# Visual Studio 2013
VisualStudioVersion = 12.0.31101.0
MinimumVisualStudioVersion = 10.0.40219.1
Project("{FAE04EC0-301F-11D3-BF4B-00C04F79EFBC}") = "Model", "Chaos.Movies.Model\Model.csproj", "{824958AE-121D-49AA-B605-899EF11FF4C5}"
EndProject
Project("{FAE04EC0-301F-11D3-BF4B-00C04F79EFBC}") = "Model.Tests", "Model.Tests\Model.Tests.csproj", "{5B768037-DEDF-4B98-9B18-20EACD09D89F}"
EndProject
Project("{FAE04EC0-301F-11D3-BF4B-00C04F79EFBC}") = "Service", "Service\Service.csproj", "{B30131AD-0B8E-4559-A963-C023BFCD157B}"
EndProject
Global
	GlobalSection(SolutionConfigurationPlatforms) = preSolution
		Debug|Any CPU = Debug|Any CPU
		Release|Any CPU = Release|Any CPU
	EndGlobalSection
	GlobalSection(ProjectConfigurationPlatforms) = postSolution
		{824958AE-121D-49AA-B605-899EF11FF4C5}.Debug|Any CPU.ActiveCfg = Debug|Any CPU
		{824958AE-121D-49AA-B605-899EF11FF4C5}.Debug|Any CPU.Build.0 = Debug|Any CPU
		{824958AE-121D-49AA-B605-899EF11FF4C5}.Release|Any CPU.ActiveCfg = Release|Any CPU
		{824958AE-121D-49AA-B605-899EF11FF4C5}.Release|Any CPU.Build.0 = Release|Any CPU
		{5B768037-DEDF-4B98-9B18-20EACD09D89F}.Debug|Any CPU.ActiveCfg = Debug|Any CPU
		{5B768037-DEDF-4B98-9B18-20EACD09D89F}.Debug|Any CPU.Build.0 = Debug|Any CPU
		{5B768037-DEDF-4B98-9B18-20EACD09D89F}.Release|Any CPU.ActiveCfg = Release|Any CPU
		{5B768037-DEDF-4B98-9B18-20EACD09D89F}.Release|Any CPU.Build.0 = Release|Any CPU
		{B30131AD-0B8E-4559-A963-C023BFCD157B}.Debug|Any CPU.ActiveCfg = Debug|Any CPU
		{B30131AD-0B8E-4559-A963-C023BFCD157B}.Debug|Any CPU.Build.0 = Debug|Any CPU
		{B30131AD-0B8E-4559-A963-C023BFCD157B}.Release|Any CPU.ActiveCfg = Release|Any CPU
		{B30131AD-0B8E-4559-A963-C023BFCD157B}.Release|Any CPU.Build.0 = Release|Any CPU
	EndGlobalSection
	GlobalSection(SolutionProperties) = preSolution
		HideSolutionNode = FALSE
	EndGlobalSection
EndGlobal
